// !$*UTF8*$!
{
	archiveVersion = 1;
	classes = {
	};
	objectVersion = 50;
	objects = {

/* Begin PBXBuildFile section */
		995306AD25CB004F006AE71F /* TestingSwiftApp.swift in Sources */ = {isa = PBXBuildFile; fileRef = 995306AC25CB004F006AE71F /* TestingSwiftApp.swift */; };
		995306AF25CB004F006AE71F /* ContentView.swift in Sources */ = {isa = PBXBuildFile; fileRef = 995306AE25CB004F006AE71F /* ContentView.swift */; };
		995306B125CB0050006AE71F /* Assets.xcassets in Resources */ = {isa = PBXBuildFile; fileRef = 995306B025CB0050006AE71F /* Assets.xcassets */; };
		995306B425CB0050006AE71F /* Preview Assets.xcassets in Resources */ = {isa = PBXBuildFile; fileRef = 995306B325CB0050006AE71F /* Preview Assets.xcassets */; };
		995306BF25CB0050006AE71F /* TestingSwiftTests.swift in Sources */ = {isa = PBXBuildFile; fileRef = 995306BE25CB0050006AE71F /* TestingSwiftTests.swift */; };
		995306CA25CB0050006AE71F /* TestingSwiftUITests.swift in Sources */ = {isa = PBXBuildFile; fileRef = 995306C925CB0050006AE71F /* TestingSwiftUITests.swift */; };
		995306DC25CB080D006AE71F /* Converter.swift in Sources */ = {isa = PBXBuildFile; fileRef = 995306DB25CB080D006AE71F /* Converter.swift */; };
		995306E525CB08A4006AE71F /* ConverterTests.swift in Sources */ = {isa = PBXBuildFile; fileRef = 995306E425CB08A4006AE71F /* ConverterTests.swift */; };
		995306F925CB0CA5006AE71F /* AsynchronousTests.swift in Sources */ = {isa = PBXBuildFile; fileRef = 995306F825CB0CA5006AE71F /* AsynchronousTests.swift */; };
		9953070525CB0CD1006AE71F /* Game.swift in Sources */ = {isa = PBXBuildFile; fileRef = 9953070425CB0CD1006AE71F /* Game.swift */; };
		9953070B25CB0D5A006AE71F /* PrimeCalculator.swift in Sources */ = {isa = PBXBuildFile; fileRef = 9953070A25CB0D5A006AE71F /* PrimeCalculator.swift */; };
		9953071125CB0DA2006AE71F /* User.swift in Sources */ = {isa = PBXBuildFile; fileRef = 9953071025CB0DA2006AE71F /* User.swift */; };
/* End PBXBuildFile section */

/* Begin PBXContainerItemProxy section */
		995306BB25CB0050006AE71F /* PBXContainerItemProxy */ = {
			isa = PBXContainerItemProxy;
			containerPortal = 995306A125CB004F006AE71F /* Project object */;
			proxyType = 1;
			remoteGlobalIDString = 995306A825CB004F006AE71F;
			remoteInfo = TestingSwift;
		};
		995306C625CB0050006AE71F /* PBXContainerItemProxy */ = {
			isa = PBXContainerItemProxy;
			containerPortal = 995306A125CB004F006AE71F /* Project object */;
			proxyType = 1;
			remoteGlobalIDString = 995306A825CB004F006AE71F;
			remoteInfo = TestingSwift;
		};
		995306FB25CB0CA5006AE71F /* PBXContainerItemProxy */ = {
			isa = PBXContainerItemProxy;
			containerPortal = 995306A125CB004F006AE71F /* Project object */;
			proxyType = 1;
			remoteGlobalIDString = 995306A825CB004F006AE71F;
			remoteInfo = TestingSwift;
		};
/* End PBXContainerItemProxy section */

/* Begin PBXFileReference section */
		995306A925CB004F006AE71F /* TestingSwift.app */ = {isa = PBXFileReference; explicitFileType = wrapper.application; includeInIndex = 0; path = TestingSwift.app; sourceTree = BUILT_PRODUCTS_DIR; };
		995306AC25CB004F006AE71F /* TestingSwiftApp.swift */ = {isa = PBXFileReference; lastKnownFileType = sourcecode.swift; path = TestingSwiftApp.swift; sourceTree = "<group>"; };
		995306AE25CB004F006AE71F /* ContentView.swift */ = {isa = PBXFileReference; lastKnownFileType = sourcecode.swift; path = ContentView.swift; sourceTree = "<group>"; };
		995306B025CB0050006AE71F /* Assets.xcassets */ = {isa = PBXFileReference; lastKnownFileType = folder.assetcatalog; path = Assets.xcassets; sourceTree = "<group>"; };
		995306B325CB0050006AE71F /* Preview Assets.xcassets */ = {isa = PBXFileReference; lastKnownFileType = folder.assetcatalog; path = "Preview Assets.xcassets"; sourceTree = "<group>"; };
		995306B525CB0050006AE71F /* Info.plist */ = {isa = PBXFileReference; lastKnownFileType = text.plist.xml; path = Info.plist; sourceTree = "<group>"; };
		995306BA25CB0050006AE71F /* TestingSwiftTests.xctest */ = {isa = PBXFileReference; explicitFileType = wrapper.cfbundle; includeInIndex = 0; path = TestingSwiftTests.xctest; sourceTree = BUILT_PRODUCTS_DIR; };
		995306BE25CB0050006AE71F /* TestingSwiftTests.swift */ = {isa = PBXFileReference; lastKnownFileType = sourcecode.swift; path = TestingSwiftTests.swift; sourceTree = "<group>"; };
		995306C025CB0050006AE71F /* Info.plist */ = {isa = PBXFileReference; lastKnownFileType = text.plist.xml; path = Info.plist; sourceTree = "<group>"; };
		995306C525CB0050006AE71F /* TestingSwiftUITests.xctest */ = {isa = PBXFileReference; explicitFileType = wrapper.cfbundle; includeInIndex = 0; path = TestingSwiftUITests.xctest; sourceTree = BUILT_PRODUCTS_DIR; };
		995306C925CB0050006AE71F /* TestingSwiftUITests.swift */ = {isa = PBXFileReference; lastKnownFileType = sourcecode.swift; path = TestingSwiftUITests.swift; sourceTree = "<group>"; };
		995306CB25CB0050006AE71F /* Info.plist */ = {isa = PBXFileReference; lastKnownFileType = text.plist.xml; path = Info.plist; sourceTree = "<group>"; };
		995306DB25CB080D006AE71F /* Converter.swift */ = {isa = PBXFileReference; lastKnownFileType = sourcecode.swift; path = Converter.swift; sourceTree = "<group>"; };
		995306E425CB08A4006AE71F /* ConverterTests.swift */ = {isa = PBXFileReference; lastKnownFileType = sourcecode.swift; path = ConverterTests.swift; sourceTree = "<group>"; };
		995306F625CB0CA4006AE71F /* AsynchronousTests.xctest */ = {isa = PBXFileReference; explicitFileType = wrapper.cfbundle; includeInIndex = 0; path = AsynchronousTests.xctest; sourceTree = BUILT_PRODUCTS_DIR; };
		995306F825CB0CA5006AE71F /* AsynchronousTests.swift */ = {isa = PBXFileReference; lastKnownFileType = sourcecode.swift; path = AsynchronousTests.swift; sourceTree = "<group>"; };
		995306FA25CB0CA5006AE71F /* Info.plist */ = {isa = PBXFileReference; lastKnownFileType = text.plist.xml; path = Info.plist; sourceTree = "<group>"; };
		9953070425CB0CD1006AE71F /* Game.swift */ = {isa = PBXFileReference; lastKnownFileType = sourcecode.swift; path = Game.swift; sourceTree = "<group>"; };
		9953070A25CB0D5A006AE71F /* PrimeCalculator.swift */ = {isa = PBXFileReference; lastKnownFileType = sourcecode.swift; path = PrimeCalculator.swift; sourceTree = "<group>"; };
		9953071025CB0DA2006AE71F /* User.swift */ = {isa = PBXFileReference; lastKnownFileType = sourcecode.swift; path = User.swift; sourceTree = "<group>"; };
/* End PBXFileReference section */

/* Begin PBXFrameworksBuildPhase section */
		995306A625CB004F006AE71F /* Frameworks */ = {
			isa = PBXFrameworksBuildPhase;
			buildActionMask = 2147483647;
			files = (
			);
			runOnlyForDeploymentPostprocessing = 0;
		};
		995306B725CB0050006AE71F /* Frameworks */ = {
			isa = PBXFrameworksBuildPhase;
			buildActionMask = 2147483647;
			files = (
			);
			runOnlyForDeploymentPostprocessing = 0;
		};
		995306C225CB0050006AE71F /* Frameworks */ = {
			isa = PBXFrameworksBuildPhase;
			buildActionMask = 2147483647;
			files = (
			);
			runOnlyForDeploymentPostprocessing = 0;
		};
		995306F325CB0CA4006AE71F /* Frameworks */ = {
			isa = PBXFrameworksBuildPhase;
			buildActionMask = 2147483647;
			files = (
			);
			runOnlyForDeploymentPostprocessing = 0;
		};
/* End PBXFrameworksBuildPhase section */

/* Begin PBXGroup section */
		995306A025CB004F006AE71F = {
			isa = PBXGroup;
			children = (
				995306AB25CB004F006AE71F /* TestingSwift */,
				995306BD25CB0050006AE71F /* TestingSwiftTests */,
				995306C825CB0050006AE71F /* TestingSwiftUITests */,
				995306F725CB0CA4006AE71F /* AsynchronousTests */,
				995306AA25CB004F006AE71F /* Products */,
			);
			sourceTree = "<group>";
		};
		995306AA25CB004F006AE71F /* Products */ = {
			isa = PBXGroup;
			children = (
				995306A925CB004F006AE71F /* TestingSwift.app */,
				995306BA25CB0050006AE71F /* TestingSwiftTests.xctest */,
				995306C525CB0050006AE71F /* TestingSwiftUITests.xctest */,
				995306F625CB0CA4006AE71F /* AsynchronousTests.xctest */,
			);
			name = Products;
			sourceTree = "<group>";
		};
		995306AB25CB004F006AE71F /* TestingSwift */ = {
			isa = PBXGroup;
			children = (
				995306DA25CB07F0006AE71F /* Model */,
				995306AC25CB004F006AE71F /* TestingSwiftApp.swift */,
				995306AE25CB004F006AE71F /* ContentView.swift */,
				995306B025CB0050006AE71F /* Assets.xcassets */,
				995306B525CB0050006AE71F /* Info.plist */,
				995306B225CB0050006AE71F /* Preview Content */,
			);
			path = TestingSwift;
			sourceTree = "<group>";
		};
		995306B225CB0050006AE71F /* Preview Content */ = {
			isa = PBXGroup;
			children = (
				995306B325CB0050006AE71F /* Preview Assets.xcassets */,
			);
			path = "Preview Content";
			sourceTree = "<group>";
		};
		995306BD25CB0050006AE71F /* TestingSwiftTests */ = {
			isa = PBXGroup;
			children = (
				995306E325CB0875006AE71F /* ConverterTests */,
				995306BE25CB0050006AE71F /* TestingSwiftTests.swift */,
				995306C025CB0050006AE71F /* Info.plist */,
			);
			path = TestingSwiftTests;
			sourceTree = "<group>";
		};
		995306C825CB0050006AE71F /* TestingSwiftUITests */ = {
			isa = PBXGroup;
			children = (
				995306C925CB0050006AE71F /* TestingSwiftUITests.swift */,
				995306CB25CB0050006AE71F /* Info.plist */,
			);
			path = TestingSwiftUITests;
			sourceTree = "<group>";
		};
		995306DA25CB07F0006AE71F /* Model */ = {
			isa = PBXGroup;
			children = (
				995306DB25CB080D006AE71F /* Converter.swift */,
				9953070425CB0CD1006AE71F /* Game.swift */,
				9953070A25CB0D5A006AE71F /* PrimeCalculator.swift */,
				9953071025CB0DA2006AE71F /* User.swift */,
			);
			path = Model;
			sourceTree = "<group>";
		};
		995306E325CB0875006AE71F /* ConverterTests */ = {
			isa = PBXGroup;
			children = (
				995306E425CB08A4006AE71F /* ConverterTests.swift */,
			);
			path = ConverterTests;
			sourceTree = "<group>";
		};
		995306F725CB0CA4006AE71F /* AsynchronousTests */ = {
			isa = PBXGroup;
			children = (
				995306F825CB0CA5006AE71F /* AsynchronousTests.swift */,
				995306FA25CB0CA5006AE71F /* Info.plist */,
			);
			path = AsynchronousTests;
			sourceTree = "<group>";
		};
/* End PBXGroup section */

/* Begin PBXNativeTarget section */
		995306A825CB004F006AE71F /* TestingSwift */ = {
			isa = PBXNativeTarget;
			buildConfigurationList = 995306CE25CB0050006AE71F /* Build configuration list for PBXNativeTarget "TestingSwift" */;
			buildPhases = (
				995306A525CB004F006AE71F /* Sources */,
				995306A625CB004F006AE71F /* Frameworks */,
				995306A725CB004F006AE71F /* Resources */,
			);
			buildRules = (
			);
			dependencies = (
			);
			name = TestingSwift;
			productName = TestingSwift;
			productReference = 995306A925CB004F006AE71F /* TestingSwift.app */;
			productType = "com.apple.product-type.application";
		};
		995306B925CB0050006AE71F /* TestingSwiftTests */ = {
			isa = PBXNativeTarget;
			buildConfigurationList = 995306D125CB0050006AE71F /* Build configuration list for PBXNativeTarget "TestingSwiftTests" */;
			buildPhases = (
				995306B625CB0050006AE71F /* Sources */,
				995306B725CB0050006AE71F /* Frameworks */,
				995306B825CB0050006AE71F /* Resources */,
			);
			buildRules = (
			);
			dependencies = (
				995306BC25CB0050006AE71F /* PBXTargetDependency */,
			);
			name = TestingSwiftTests;
			productName = TestingSwiftTests;
			productReference = 995306BA25CB0050006AE71F /* TestingSwiftTests.xctest */;
			productType = "com.apple.product-type.bundle.unit-test";
		};
		995306C425CB0050006AE71F /* TestingSwiftUITests */ = {
			isa = PBXNativeTarget;
			buildConfigurationList = 995306D425CB0050006AE71F /* Build configuration list for PBXNativeTarget "TestingSwiftUITests" */;
			buildPhases = (
				995306C125CB0050006AE71F /* Sources */,
				995306C225CB0050006AE71F /* Frameworks */,
				995306C325CB0050006AE71F /* Resources */,
			);
			buildRules = (
			);
			dependencies = (
				995306C725CB0050006AE71F /* PBXTargetDependency */,
			);
			name = TestingSwiftUITests;
			productName = TestingSwiftUITests;
			productReference = 995306C525CB0050006AE71F /* TestingSwiftUITests.xctest */;
			productType = "com.apple.product-type.bundle.ui-testing";
		};
		995306F525CB0CA4006AE71F /* AsynchronousTests */ = {
			isa = PBXNativeTarget;
			buildConfigurationList = 995306FF25CB0CA5006AE71F /* Build configuration list for PBXNativeTarget "AsynchronousTests" */;
			buildPhases = (
				995306F225CB0CA4006AE71F /* Sources */,
				995306F325CB0CA4006AE71F /* Frameworks */,
				995306F425CB0CA4006AE71F /* Resources */,
			);
			buildRules = (
			);
			dependencies = (
				995306FC25CB0CA5006AE71F /* PBXTargetDependency */,
			);
			name = AsynchronousTests;
			productName = AsynchronousTests;
			productReference = 995306F625CB0CA4006AE71F /* AsynchronousTests.xctest */;
			productType = "com.apple.product-type.bundle.unit-test";
		};
/* End PBXNativeTarget section */

/* Begin PBXProject section */
		995306A125CB004F006AE71F /* Project object */ = {
			isa = PBXProject;
			attributes = {
				LastSwiftUpdateCheck = 1200;
				LastUpgradeCheck = 1200;
				TargetAttributes = {
					995306A825CB004F006AE71F = {
						CreatedOnToolsVersion = 12.0;
					};
					995306B925CB0050006AE71F = {
						CreatedOnToolsVersion = 12.0;
						TestTargetID = 995306A825CB004F006AE71F;
					};
					995306C425CB0050006AE71F = {
						CreatedOnToolsVersion = 12.0;
						TestTargetID = 995306A825CB004F006AE71F;
					};
					995306F525CB0CA4006AE71F = {
						CreatedOnToolsVersion = 12.0;
						TestTargetID = 995306A825CB004F006AE71F;
					};
				};
			};
			buildConfigurationList = 995306A425CB004F006AE71F /* Build configuration list for PBXProject "TestingSwift" */;
			compatibilityVersion = "Xcode 9.3";
			developmentRegion = en;
			hasScannedForEncodings = 0;
			knownRegions = (
				en,
				Base,
			);
			mainGroup = 995306A025CB004F006AE71F;
			productRefGroup = 995306AA25CB004F006AE71F /* Products */;
			projectDirPath = "";
			projectRoot = "";
			targets = (
				995306A825CB004F006AE71F /* TestingSwift */,
				995306B925CB0050006AE71F /* TestingSwiftTests */,
				995306C425CB0050006AE71F /* TestingSwiftUITests */,
				995306F525CB0CA4006AE71F /* AsynchronousTests */,
			);
		};
/* End PBXProject section */

/* Begin PBXResourcesBuildPhase section */
		995306A725CB004F006AE71F /* Resources */ = {
			isa = PBXResourcesBuildPhase;
			buildActionMask = 2147483647;
			files = (
				995306B425CB0050006AE71F /* Preview Assets.xcassets in Resources */,
				995306B125CB0050006AE71F /* Assets.xcassets in Resources */,
			);
			runOnlyForDeploymentPostprocessing = 0;
		};
		995306B825CB0050006AE71F /* Resources */ = {
			isa = PBXResourcesBuildPhase;
			buildActionMask = 2147483647;
			files = (
			);
			runOnlyForDeploymentPostprocessing = 0;
		};
		995306C325CB0050006AE71F /* Resources */ = {
			isa = PBXResourcesBuildPhase;
			buildActionMask = 2147483647;
			files = (
			);
			runOnlyForDeploymentPostprocessing = 0;
		};
		995306F425CB0CA4006AE71F /* Resources */ = {
			isa = PBXResourcesBuildPhase;
			buildActionMask = 2147483647;
			files = (
			);
			runOnlyForDeploymentPostprocessing = 0;
		};
/* End PBXResourcesBuildPhase section */

/* Begin PBXSourcesBuildPhase section */
		995306A525CB004F006AE71F /* Sources */ = {
			isa = PBXSourcesBuildPhase;
			buildActionMask = 2147483647;
			files = (
				995306AF25CB004F006AE71F /* ContentView.swift in Sources */,
				995306DC25CB080D006AE71F /* Converter.swift in Sources */,
				9953071125CB0DA2006AE71F /* User.swift in Sources */,
				9953070B25CB0D5A006AE71F /* PrimeCalculator.swift in Sources */,
				995306AD25CB004F006AE71F /* TestingSwiftApp.swift in Sources */,
				9953070525CB0CD1006AE71F /* Game.swift in Sources */,
			);
			runOnlyForDeploymentPostprocessing = 0;
		};
		995306B625CB0050006AE71F /* Sources */ = {
			isa = PBXSourcesBuildPhase;
			buildActionMask = 2147483647;
			files = (
				995306E525CB08A4006AE71F /* ConverterTests.swift in Sources */,
				995306BF25CB0050006AE71F /* TestingSwiftTests.swift in Sources */,
			);
			runOnlyForDeploymentPostprocessing = 0;
		};
		995306C125CB0050006AE71F /* Sources */ = {
			isa = PBXSourcesBuildPhase;
			buildActionMask = 2147483647;
			files = (
				995306CA25CB0050006AE71F /* TestingSwiftUITests.swift in Sources */,
			);
			runOnlyForDeploymentPostprocessing = 0;
		};
		995306F225CB0CA4006AE71F /* Sources */ = {
			isa = PBXSourcesBuildPhase;
			buildActionMask = 2147483647;
			files = (
				995306F925CB0CA5006AE71F /* AsynchronousTests.swift in Sources */,
			);
			runOnlyForDeploymentPostprocessing = 0;
		};
/* End PBXSourcesBuildPhase section */

/* Begin PBXTargetDependency section */
		995306BC25CB0050006AE71F /* PBXTargetDependency */ = {
			isa = PBXTargetDependency;
			target = 995306A825CB004F006AE71F /* TestingSwift */;
			targetProxy = 995306BB25CB0050006AE71F /* PBXContainerItemProxy */;
		};
		995306C725CB0050006AE71F /* PBXTargetDependency */ = {
			isa = PBXTargetDependency;
			target = 995306A825CB004F006AE71F /* TestingSwift */;
			targetProxy = 995306C625CB0050006AE71F /* PBXContainerItemProxy */;
		};
		995306FC25CB0CA5006AE71F /* PBXTargetDependency */ = {
			isa = PBXTargetDependency;
			target = 995306A825CB004F006AE71F /* TestingSwift */;
			targetProxy = 995306FB25CB0CA5006AE71F /* PBXContainerItemProxy */;
		};
/* End PBXTargetDependency section */

/* Begin XCBuildConfiguration section */
		995306CC25CB0050006AE71F /* Debug */ = {
			isa = XCBuildConfiguration;
			buildSettings = {
				ALWAYS_SEARCH_USER_PATHS = NO;
				CLANG_ANALYZER_NONNULL = YES;
				CLANG_ANALYZER_NUMBER_OBJECT_CONVERSION = YES_AGGRESSIVE;
				CLANG_CXX_LANGUAGE_STANDARD = "gnu++14";
				CLANG_CXX_LIBRARY = "libc++";
				CLANG_ENABLE_MODULES = YES;
				CLANG_ENABLE_OBJC_ARC = YES;
				CLANG_ENABLE_OBJC_WEAK = YES;
				CLANG_WARN_BLOCK_CAPTURE_AUTORELEASING = YES;
				CLANG_WARN_BOOL_CONVERSION = YES;
				CLANG_WARN_COMMA = YES;
				CLANG_WARN_CONSTANT_CONVERSION = YES;
				CLANG_WARN_DEPRECATED_OBJC_IMPLEMENTATIONS = YES;
				CLANG_WARN_DIRECT_OBJC_ISA_USAGE = YES_ERROR;
				CLANG_WARN_DOCUMENTATION_COMMENTS = YES;
				CLANG_WARN_EMPTY_BODY = YES;
				CLANG_WARN_ENUM_CONVERSION = YES;
				CLANG_WARN_INFINITE_RECURSION = YES;
				CLANG_WARN_INT_CONVERSION = YES;
				CLANG_WARN_NON_LITERAL_NULL_CONVERSION = YES;
				CLANG_WARN_OBJC_IMPLICIT_RETAIN_SELF = YES;
				CLANG_WARN_OBJC_LITERAL_CONVERSION = YES;
				CLANG_WARN_OBJC_ROOT_CLASS = YES_ERROR;
				CLANG_WARN_QUOTED_INCLUDE_IN_FRAMEWORK_HEADER = YES;
				CLANG_WARN_RANGE_LOOP_ANALYSIS = YES;
				CLANG_WARN_STRICT_PROTOTYPES = YES;
				CLANG_WARN_SUSPICIOUS_MOVE = YES;
				CLANG_WARN_UNGUARDED_AVAILABILITY = YES_AGGRESSIVE;
				CLANG_WARN_UNREACHABLE_CODE = YES;
				CLANG_WARN__DUPLICATE_METHOD_MATCH = YES;
				COPY_PHASE_STRIP = NO;
				DEBUG_INFORMATION_FORMAT = dwarf;
				ENABLE_STRICT_OBJC_MSGSEND = YES;
				ENABLE_TESTABILITY = YES;
				GCC_C_LANGUAGE_STANDARD = gnu11;
				GCC_DYNAMIC_NO_PIC = NO;
				GCC_NO_COMMON_BLOCKS = YES;
				GCC_OPTIMIZATION_LEVEL = 0;
				GCC_PREPROCESSOR_DEFINITIONS = (
					"DEBUG=1",
					"$(inherited)",
				);
				GCC_WARN_64_TO_32_BIT_CONVERSION = YES;
				GCC_WARN_ABOUT_RETURN_TYPE = YES_ERROR;
				GCC_WARN_UNDECLARED_SELECTOR = YES;
				GCC_WARN_UNINITIALIZED_AUTOS = YES_AGGRESSIVE;
				GCC_WARN_UNUSED_FUNCTION = YES;
				GCC_WARN_UNUSED_VARIABLE = YES;
				IPHONEOS_DEPLOYMENT_TARGET = 14.0;
				MTL_ENABLE_DEBUG_INFO = INCLUDE_SOURCE;
				MTL_FAST_MATH = YES;
				ONLY_ACTIVE_ARCH = YES;
				SDKROOT = iphoneos;
				SWIFT_ACTIVE_COMPILATION_CONDITIONS = DEBUG;
				SWIFT_OPTIMIZATION_LEVEL = "-Onone";
			};
			name = Debug;
		};
		995306CD25CB0050006AE71F /* Release */ = {
			isa = XCBuildConfiguration;
			buildSettings = {
				ALWAYS_SEARCH_USER_PATHS = NO;
				CLANG_ANALYZER_NONNULL = YES;
				CLANG_ANALYZER_NUMBER_OBJECT_CONVERSION = YES_AGGRESSIVE;
				CLANG_CXX_LANGUAGE_STANDARD = "gnu++14";
				CLANG_CXX_LIBRARY = "libc++";
				CLANG_ENABLE_MODULES = YES;
				CLANG_ENABLE_OBJC_ARC = YES;
				CLANG_ENABLE_OBJC_WEAK = YES;
				CLANG_WARN_BLOCK_CAPTURE_AUTORELEASING = YES;
				CLANG_WARN_BOOL_CONVERSION = YES;
				CLANG_WARN_COMMA = YES;
				CLANG_WARN_CONSTANT_CONVERSION = YES;
				CLANG_WARN_DEPRECATED_OBJC_IMPLEMENTATIONS = YES;
				CLANG_WARN_DIRECT_OBJC_ISA_USAGE = YES_ERROR;
				CLANG_WARN_DOCUMENTATION_COMMENTS = YES;
				CLANG_WARN_EMPTY_BODY = YES;
				CLANG_WARN_ENUM_CONVERSION = YES;
				CLANG_WARN_INFINITE_RECURSION = YES;
				CLANG_WARN_INT_CONVERSION = YES;
				CLANG_WARN_NON_LITERAL_NULL_CONVERSION = YES;
				CLANG_WARN_OBJC_IMPLICIT_RETAIN_SELF = YES;
				CLANG_WARN_OBJC_LITERAL_CONVERSION = YES;
				CLANG_WARN_OBJC_ROOT_CLASS = YES_ERROR;
				CLANG_WARN_QUOTED_INCLUDE_IN_FRAMEWORK_HEADER = YES;
				CLANG_WARN_RANGE_LOOP_ANALYSIS = YES;
				CLANG_WARN_STRICT_PROTOTYPES = YES;
				CLANG_WARN_SUSPICIOUS_MOVE = YES;
				CLANG_WARN_UNGUARDED_AVAILABILITY = YES_AGGRESSIVE;
				CLANG_WARN_UNREACHABLE_CODE = YES;
				CLANG_WARN__DUPLICATE_METHOD_MATCH = YES;
				COPY_PHASE_STRIP = NO;
				DEBUG_INFORMATION_FORMAT = "dwarf-with-dsym";
				ENABLE_NS_ASSERTIONS = NO;
				ENABLE_STRICT_OBJC_MSGSEND = YES;
				GCC_C_LANGUAGE_STANDARD = gnu11;
				GCC_NO_COMMON_BLOCKS = YES;
				GCC_WARN_64_TO_32_BIT_CONVERSION = YES;
				GCC_WARN_ABOUT_RETURN_TYPE = YES_ERROR;
				GCC_WARN_UNDECLARED_SELECTOR = YES;
				GCC_WARN_UNINITIALIZED_AUTOS = YES_AGGRESSIVE;
				GCC_WARN_UNUSED_FUNCTION = YES;
				GCC_WARN_UNUSED_VARIABLE = YES;
				IPHONEOS_DEPLOYMENT_TARGET = 14.0;
				MTL_ENABLE_DEBUG_INFO = NO;
				MTL_FAST_MATH = YES;
				SDKROOT = iphoneos;
				SWIFT_COMPILATION_MODE = wholemodule;
				SWIFT_OPTIMIZATION_LEVEL = "-O";
				VALIDATE_PRODUCT = YES;
			};
			name = Release;
		};
		995306CF25CB0050006AE71F /* Debug */ = {
			isa = XCBuildConfiguration;
			buildSettings = {
				ASSETCATALOG_COMPILER_APPICON_NAME = AppIcon;
				ASSETCATALOG_COMPILER_GLOBAL_ACCENT_COLOR_NAME = AccentColor;
				CODE_SIGN_STYLE = Automatic;
				DEVELOPMENT_ASSET_PATHS = "\"TestingSwift/Preview Content\"";
				ENABLE_PREVIEWS = YES;
				INFOPLIST_FILE = TestingSwift/Info.plist;
				IPHONEOS_DEPLOYMENT_TARGET = 14.0;
				LD_RUNPATH_SEARCH_PATHS = (
					"$(inherited)",
					"@executable_path/Frameworks",
				);
				PRODUCT_BUNDLE_IDENTIFIER = com.DanielSpady.TestingSwift;
				PRODUCT_NAME = "$(TARGET_NAME)";
				SWIFT_VERSION = 5.0;
				TARGETED_DEVICE_FAMILY = "1,2";
			};
			name = Debug;
		};
		995306D025CB0050006AE71F /* Release */ = {
			isa = XCBuildConfiguration;
			buildSettings = {
				ASSETCATALOG_COMPILER_APPICON_NAME = AppIcon;
				ASSETCATALOG_COMPILER_GLOBAL_ACCENT_COLOR_NAME = AccentColor;
				CODE_SIGN_STYLE = Automatic;
				DEVELOPMENT_ASSET_PATHS = "\"TestingSwift/Preview Content\"";
				ENABLE_PREVIEWS = YES;
				INFOPLIST_FILE = TestingSwift/Info.plist;
				IPHONEOS_DEPLOYMENT_TARGET = 14.0;
				LD_RUNPATH_SEARCH_PATHS = (
					"$(inherited)",
					"@executable_path/Frameworks",
				);
				PRODUCT_BUNDLE_IDENTIFIER = com.DanielSpady.TestingSwift;
				PRODUCT_NAME = "$(TARGET_NAME)";
				SWIFT_VERSION = 5.0;
				TARGETED_DEVICE_FAMILY = "1,2";
			};
			name = Release;
		};
		995306D225CB0050006AE71F /* Debug */ = {
			isa = XCBuildConfiguration;
			buildSettings = {
				ALWAYS_EMBED_SWIFT_STANDARD_LIBRARIES = YES;
				BUNDLE_LOADER = "$(TEST_HOST)";
				CODE_SIGN_STYLE = Automatic;
				INFOPLIST_FILE = TestingSwiftTests/Info.plist;
				IPHONEOS_DEPLOYMENT_TARGET = 14.0;
				LD_RUNPATH_SEARCH_PATHS = (
					"$(inherited)",
					"@executable_path/Frameworks",
					"@loader_path/Frameworks",
				);
				PRODUCT_BUNDLE_IDENTIFIER = com.DanielSpady.TestingSwiftTests;
				PRODUCT_NAME = "$(TARGET_NAME)";
				SWIFT_VERSION = 5.0;
				TARGETED_DEVICE_FAMILY = "1,2";
				TEST_HOST = "$(BUILT_PRODUCTS_DIR)/TestingSwift.app/TestingSwift";
			};
			name = Debug;
		};
		995306D325CB0050006AE71F /* Release */ = {
			isa = XCBuildConfiguration;
			buildSettings = {
				ALWAYS_EMBED_SWIFT_STANDARD_LIBRARIES = YES;
				BUNDLE_LOADER = "$(TEST_HOST)";
				CODE_SIGN_STYLE = Automatic;
				INFOPLIST_FILE = TestingSwiftTests/Info.plist;
				IPHONEOS_DEPLOYMENT_TARGET = 14.0;
				LD_RUNPATH_SEARCH_PATHS = (
					"$(inherited)",
					"@executable_path/Frameworks",
					"@loader_path/Frameworks",
				);
				PRODUCT_BUNDLE_IDENTIFIER = com.DanielSpady.TestingSwiftTests;
				PRODUCT_NAME = "$(TARGET_NAME)";
				SWIFT_VERSION = 5.0;
				TARGETED_DEVICE_FAMILY = "1,2";
				TEST_HOST = "$(BUILT_PRODUCTS_DIR)/TestingSwift.app/TestingSwift";
			};
			name = Release;
		};
		995306D525CB0050006AE71F /* Debug */ = {
			isa = XCBuildConfiguration;
			buildSettings = {
				ALWAYS_EMBED_SWIFT_STANDARD_LIBRARIES = YES;
				CODE_SIGN_STYLE = Automatic;
				INFOPLIST_FILE = TestingSwiftUITests/Info.plist;
				LD_RUNPATH_SEARCH_PATHS = (
					"$(inherited)",
					"@executable_path/Frameworks",
					"@loader_path/Frameworks",
				);
				PRODUCT_BUNDLE_IDENTIFIER = com.DanielSpady.TestingSwiftUITests;
				PRODUCT_NAME = "$(TARGET_NAME)";
				SWIFT_VERSION = 5.0;
				TARGETED_DEVICE_FAMILY = "1,2";
				TEST_TARGET_NAME = TestingSwift;
			};
			name = Debug;
		};
		995306D625CB0050006AE71F /* Release */ = {
			isa = XCBuildConfiguration;
			buildSettings = {
				ALWAYS_EMBED_SWIFT_STANDARD_LIBRARIES = YES;
				CODE_SIGN_STYLE = Automatic;
				INFOPLIST_FILE = TestingSwiftUITests/Info.plist;
				LD_RUNPATH_SEARCH_PATHS = (
					"$(inherited)",
					"@executable_path/Frameworks",
					"@loader_path/Frameworks",
				);
				PRODUCT_BUNDLE_IDENTIFIER = com.DanielSpady.TestingSwiftUITests;
				PRODUCT_NAME = "$(TARGET_NAME)";
				SWIFT_VERSION = 5.0;
				TARGETED_DEVICE_FAMILY = "1,2";
				TEST_TARGET_NAME = TestingSwift;
			};
			name = Release;
		};
		995306FD25CB0CA5006AE71F /* Debug */ = {
			isa = XCBuildConfiguration;
			buildSettings = {
				BUNDLE_LOADER = "$(TEST_HOST)";
				CODE_SIGN_STYLE = Automatic;
				INFOPLIST_FILE = AsynchronousTests/Info.plist;
				LD_RUNPATH_SEARCH_PATHS = (
					"$(inherited)",
					"@executable_path/Frameworks",
					"@loader_path/Frameworks",
				);
				PRODUCT_BUNDLE_IDENTIFIER = com.DanielSpady.AsynchronousTests;
				PRODUCT_NAME = "$(TARGET_NAME)";
				SWIFT_VERSION = 5.0;
				TARGETED_DEVICE_FAMILY = "1,2";
				TEST_HOST = "$(BUILT_PRODUCTS_DIR)/TestingSwift.app/TestingSwift";
			};
			name = Debug;
		};
		995306FE25CB0CA5006AE71F /* Release */ = {
			isa = XCBuildConfiguration;
			buildSettings = {
				BUNDLE_LOADER = "$(TEST_HOST)";
				CODE_SIGN_STYLE = Automatic;
				INFOPLIST_FILE = AsynchronousTests/Info.plist;
				LD_RUNPATH_SEARCH_PATHS = (
					"$(inherited)",
					"@executable_path/Frameworks",
					"@loader_path/Frameworks",
				);
				PRODUCT_BUNDLE_IDENTIFIER = com.DanielSpady.AsynchronousTests;
				PRODUCT_NAME = "$(TARGET_NAME)";
				SWIFT_VERSION = 5.0;
				TARGETED_DEVICE_FAMILY = "1,2";
				TEST_HOST = "$(BUILT_PRODUCTS_DIR)/TestingSwift.app/TestingSwift";
			};
			name = Release;
		};
/* End XCBuildConfiguration section */

/* Begin XCConfigurationList section */
		995306A425CB004F006AE71F /* Build configuration list for PBXProject "TestingSwift" */ = {
			isa = XCConfigurationList;
			buildConfigurations = (
				995306CC25CB0050006AE71F /* Debug */,
				995306CD25CB0050006AE71F /* Release */,
			);
			defaultConfigurationIsVisible = 0;
			defaultConfigurationName = Release;
		};
		995306CE25CB0050006AE71F /* Build configuration list for PBXNativeTarget "TestingSwift" */ = {
			isa = XCConfigurationList;
			buildConfigurations = (
				995306CF25CB0050006AE71F /* Debug */,
				995306D025CB0050006AE71F /* Release */,
			);
			defaultConfigurationIsVisible = 0;
			defaultConfigurationName = Release;
		};
		995306D125CB0050006AE71F /* Build configuration list for PBXNativeTarget "TestingSwiftTests" */ = {
			isa = XCConfigurationList;
			buildConfigurations = (
				995306D225CB0050006AE71F /* Debug */,
				995306D325CB0050006AE71F /* Release */,
			);
			defaultConfigurationIsVisible = 0;
			defaultConfigurationName = Release;
		};
		995306D425CB0050006AE71F /* Build configuration list for PBXNativeTarget "TestingSwiftUITests" */ = {
			isa = XCConfigurationList;
			buildConfigurations = (
				995306D525CB0050006AE71F /* Debug */,
				995306D625CB0050006AE71F /* Release */,
			);
			defaultConfigurationIsVisible = 0;
			defaultConfigurationName = Release;
		};
		995306FF25CB0CA5006AE71F /* Build configuration list for PBXNativeTarget "AsynchronousTests" */ = {
			isa = XCConfigurationList;
			buildConfigurations = (
				995306FD25CB0CA5006AE71F /* Debug */,
				995306FE25CB0CA5006AE71F /* Release */,
			);
			defaultConfigurationIsVisible = 0;
			defaultConfigurationName = Release;
		};
/* End XCConfigurationList section */
	};
	rootObject = 995306A125CB004F006AE71F /* Project object */;
}
