// !$*UTF8*$!
{
	archiveVersion = 1;
	classes = {
	};
	objectVersion = 50;
	objects = {

/* Begin PBXBuildFile section */
		9912432425D04ED2009ECB70 /* Cake.swift in Sources */ = {isa = PBXBuildFile; fileRef = 9912432325D04ED2009ECB70 /* Cake.swift */; };
		9912432B25D04F76009ECB70 /* MutationTesting.swift in Sources */ = {isa = PBXBuildFile; fileRef = 9912432A25D04F76009ECB70 /* MutationTesting.swift */; };
		992BB80A25D43725007AD375 /* InjectionClosures.swift in Sources */ = {isa = PBXBuildFile; fileRef = 992BB80925D43725007AD375 /* InjectionClosures.swift */; };
		992BB81525D4405A007AD375 /* DependencyInjectionTests.swift in Sources */ = {isa = PBXBuildFile; fileRef = 992BB81425D4405A007AD375 /* DependencyInjectionTests.swift */; };
		992BB82725D451C9007AD375 /* URLOpener.swift in Sources */ = {isa = PBXBuildFile; fileRef = 992BB82625D451C9007AD375 /* URLOpener.swift */; };
		995306AD25CB004F006AE71F /* TestingSwiftApp.swift in Sources */ = {isa = PBXBuildFile; fileRef = 995306AC25CB004F006AE71F /* TestingSwiftApp.swift */; };
		995306AF25CB004F006AE71F /* ContentView.swift in Sources */ = {isa = PBXBuildFile; fileRef = 995306AE25CB004F006AE71F /* ContentView.swift */; };
		995306B125CB0050006AE71F /* Assets.xcassets in Resources */ = {isa = PBXBuildFile; fileRef = 995306B025CB0050006AE71F /* Assets.xcassets */; };
		995306B425CB0050006AE71F /* Preview Assets.xcassets in Resources */ = {isa = PBXBuildFile; fileRef = 995306B325CB0050006AE71F /* Preview Assets.xcassets */; };
		995306BF25CB0050006AE71F /* TestingSwiftTests.swift in Sources */ = {isa = PBXBuildFile; fileRef = 995306BE25CB0050006AE71F /* TestingSwiftTests.swift */; };
		995306CA25CB0050006AE71F /* TestingSwiftUITests.swift in Sources */ = {isa = PBXBuildFile; fileRef = 995306C925CB0050006AE71F /* TestingSwiftUITests.swift */; };
		995306DC25CB080D006AE71F /* Converter.swift in Sources */ = {isa = PBXBuildFile; fileRef = 995306DB25CB080D006AE71F /* Converter.swift */; };
		995306E525CB08A4006AE71F /* ConverterTests.swift in Sources */ = {isa = PBXBuildFile; fileRef = 995306E425CB08A4006AE71F /* ConverterTests.swift */; };
		995306F925CB0CA5006AE71F /* AsynchronousTests.swift in Sources */ = {isa = PBXBuildFile; fileRef = 995306F825CB0CA5006AE71F /* AsynchronousTests.swift */; };
		9953070525CB0CD1006AE71F /* Game.swift in Sources */ = {isa = PBXBuildFile; fileRef = 9953070425CB0CD1006AE71F /* Game.swift */; };
		9953070B25CB0D5A006AE71F /* PrimeCalculator.swift in Sources */ = {isa = PBXBuildFile; fileRef = 9953070A25CB0D5A006AE71F /* PrimeCalculator.swift */; };
		9953071125CB0DA2006AE71F /* User.swift in Sources */ = {isa = PBXBuildFile; fileRef = 9953071025CB0DA2006AE71F /* User.swift */; };
		9953071F25CB1085006AE71F /* ThrowingTests.swift in Sources */ = {isa = PBXBuildFile; fileRef = 9953071E25CB1085006AE71F /* ThrowingTests.swift */; };
		9953073125CB2E4B006AE71F /* Player.swift in Sources */ = {isa = PBXBuildFile; fileRef = 9953073025CB2E4B006AE71F /* Player.swift */; };
		9953073825CB2E90006AE71F /* AssertArrayTest.swift in Sources */ = {isa = PBXBuildFile; fileRef = 9953073725CB2E90006AE71F /* AssertArrayTest.swift */; };
		99531CE425CB4F0E0054AA05 /* CustomAssertions.swift in Sources */ = {isa = PBXBuildFile; fileRef = 99531CE325CB4F0E0054AA05 /* CustomAssertions.swift */; };
		99531CF725CB59A30054AA05 /* PerformanceTesting.swift in Sources */ = {isa = PBXBuildFile; fileRef = 99531CF625CB59A30054AA05 /* PerformanceTesting.swift */; };
		9953F65725CC5B2F00650505 /* House.swift in Sources */ = {isa = PBXBuildFile; fileRef = 9953F65625CC5B2F00650505 /* House.swift */; };
		9953F65E25CC5C5800650505 /* CodeCoverage.swift in Sources */ = {isa = PBXBuildFile; fileRef = 9953F65D25CC5C5800650505 /* CodeCoverage.swift */; };
		9959C45C25D193A4006507BE /* AnimalTableView.swift in Sources */ = {isa = PBXBuildFile; fileRef = 9959C45B25D193A4006507BE /* AnimalTableView.swift */; };
		9959C46D25D19943006507BE /* TestDouble.swift in Sources */ = {isa = PBXBuildFile; fileRef = 9959C46C25D19943006507BE /* TestDouble.swift */; };
		9959C48125D19F5B006507BE /* PurchaseImplementations.swift in Sources */ = {isa = PBXBuildFile; fileRef = 9959C48025D19F5B006507BE /* PurchaseImplementations.swift */; };
		9959C48B25D1A108006507BE /* PurchaseProtocol.swift in Sources */ = {isa = PBXBuildFile; fileRef = 9959C48A25D1A108006507BE /* PurchaseProtocol.swift */; };
		997CF49A25D6D251004B377A /* DependencyStruct.swift in Sources */ = {isa = PBXBuildFile; fileRef = 997CF49925D6D251004B377A /* DependencyStruct.swift */; };
		997CF4A525D6DD45004B377A /* Mocking.swift in Sources */ = {isa = PBXBuildFile; fileRef = 997CF4A425D6DD45004B377A /* Mocking.swift */; };
		997CF4B025D6DE4A004B377A /* MockTests.swift in Sources */ = {isa = PBXBuildFile; fileRef = 997CF4AF25D6DE4A004B377A /* MockTests.swift */; };
		997CF4C225D6F22A004B377A /* PartialMock.swift in Sources */ = {isa = PBXBuildFile; fileRef = 997CF4C125D6F22A004B377A /* PartialMock.swift */; };
		997CF4C825D6F48F004B377A /* PartialMock.swift in Sources */ = {isa = PBXBuildFile; fileRef = 997CF4C725D6F48F004B377A /* PartialMock.swift */; };
		99F6FC1E25D2E48A00DBD252 /* Tweet.swift in Sources */ = {isa = PBXBuildFile; fileRef = 99F6FC1D25D2E48A00DBD252 /* Tweet.swift */; };
		99F6FC2825D2EB7600DBD252 /* MegaController.swift in Sources */ = {isa = PBXBuildFile; fileRef = 99F6FC2725D2EB7600DBD252 /* MegaController.swift */; };
		99F6FC2E25D2F51700DBD252 /* TweetTests.swift in Sources */ = {isa = PBXBuildFile; fileRef = 99F6FC2D25D2F51700DBD252 /* TweetTests.swift */; };
/* End PBXBuildFile section */

/* Begin PBXContainerItemProxy section */
		995306BB25CB0050006AE71F /* PBXContainerItemProxy */ = {
			isa = PBXContainerItemProxy;
			containerPortal = 995306A125CB004F006AE71F /* Project object */;
			proxyType = 1;
			remoteGlobalIDString = 995306A825CB004F006AE71F;
			remoteInfo = TestingSwift;
		};
		995306C625CB0050006AE71F /* PBXContainerItemProxy */ = {
			isa = PBXContainerItemProxy;
			containerPortal = 995306A125CB004F006AE71F /* Project object */;
			proxyType = 1;
			remoteGlobalIDString = 995306A825CB004F006AE71F;
			remoteInfo = TestingSwift;
		};
		995306FB25CB0CA5006AE71F /* PBXContainerItemProxy */ = {
			isa = PBXContainerItemProxy;
			containerPortal = 995306A125CB004F006AE71F /* Project object */;
			proxyType = 1;
			remoteGlobalIDString = 995306A825CB004F006AE71F;
			remoteInfo = TestingSwift;
		};
/* End PBXContainerItemProxy section */

/* Begin PBXFileReference section */
		9912432325D04ED2009ECB70 /* Cake.swift */ = {isa = PBXFileReference; lastKnownFileType = sourcecode.swift; path = Cake.swift; sourceTree = "<group>"; };
		9912432A25D04F76009ECB70 /* MutationTesting.swift */ = {isa = PBXFileReference; lastKnownFileType = sourcecode.swift; path = MutationTesting.swift; sourceTree = "<group>"; };
		992BB80925D43725007AD375 /* InjectionClosures.swift */ = {isa = PBXFileReference; lastKnownFileType = sourcecode.swift; path = InjectionClosures.swift; sourceTree = "<group>"; };
		992BB81425D4405A007AD375 /* DependencyInjectionTests.swift */ = {isa = PBXFileReference; lastKnownFileType = sourcecode.swift; path = DependencyInjectionTests.swift; sourceTree = "<group>"; };
		992BB82625D451C9007AD375 /* URLOpener.swift */ = {isa = PBXFileReference; lastKnownFileType = sourcecode.swift; path = URLOpener.swift; sourceTree = "<group>"; };
		995306A925CB004F006AE71F /* TestingSwift.app */ = {isa = PBXFileReference; explicitFileType = wrapper.application; includeInIndex = 0; path = TestingSwift.app; sourceTree = BUILT_PRODUCTS_DIR; };
		995306AC25CB004F006AE71F /* TestingSwiftApp.swift */ = {isa = PBXFileReference; lastKnownFileType = sourcecode.swift; path = TestingSwiftApp.swift; sourceTree = "<group>"; };
		995306AE25CB004F006AE71F /* ContentView.swift */ = {isa = PBXFileReference; lastKnownFileType = sourcecode.swift; path = ContentView.swift; sourceTree = "<group>"; };
		995306B025CB0050006AE71F /* Assets.xcassets */ = {isa = PBXFileReference; lastKnownFileType = folder.assetcatalog; path = Assets.xcassets; sourceTree = "<group>"; };
		995306B325CB0050006AE71F /* Preview Assets.xcassets */ = {isa = PBXFileReference; lastKnownFileType = folder.assetcatalog; path = "Preview Assets.xcassets"; sourceTree = "<group>"; };
		995306B525CB0050006AE71F /* Info.plist */ = {isa = PBXFileReference; lastKnownFileType = text.plist.xml; path = Info.plist; sourceTree = "<group>"; };
		995306BA25CB0050006AE71F /* TestingSwiftTests.xctest */ = {isa = PBXFileReference; explicitFileType = wrapper.cfbundle; includeInIndex = 0; path = TestingSwiftTests.xctest; sourceTree = BUILT_PRODUCTS_DIR; };
		995306BE25CB0050006AE71F /* TestingSwiftTests.swift */ = {isa = PBXFileReference; lastKnownFileType = sourcecode.swift; path = TestingSwiftTests.swift; sourceTree = "<group>"; };
		995306C025CB0050006AE71F /* Info.plist */ = {isa = PBXFileReference; lastKnownFileType = text.plist.xml; path = Info.plist; sourceTree = "<group>"; };
		995306C525CB0050006AE71F /* TestingSwiftUITests.xctest */ = {isa = PBXFileReference; explicitFileType = wrapper.cfbundle; includeInIndex = 0; path = TestingSwiftUITests.xctest; sourceTree = BUILT_PRODUCTS_DIR; };
		995306C925CB0050006AE71F /* TestingSwiftUITests.swift */ = {isa = PBXFileReference; lastKnownFileType = sourcecode.swift; path = TestingSwiftUITests.swift; sourceTree = "<group>"; };
		995306CB25CB0050006AE71F /* Info.plist */ = {isa = PBXFileReference; lastKnownFileType = text.plist.xml; path = Info.plist; sourceTree = "<group>"; };
		995306DB25CB080D006AE71F /* Converter.swift */ = {isa = PBXFileReference; lastKnownFileType = sourcecode.swift; path = Converter.swift; sourceTree = "<group>"; };
		995306E425CB08A4006AE71F /* ConverterTests.swift */ = {isa = PBXFileReference; lastKnownFileType = sourcecode.swift; path = ConverterTests.swift; sourceTree = "<group>"; };
		995306F625CB0CA4006AE71F /* AsynchronousTests.xctest */ = {isa = PBXFileReference; explicitFileType = wrapper.cfbundle; includeInIndex = 0; path = AsynchronousTests.xctest; sourceTree = BUILT_PRODUCTS_DIR; };
		995306F825CB0CA5006AE71F /* AsynchronousTests.swift */ = {isa = PBXFileReference; lastKnownFileType = sourcecode.swift; path = AsynchronousTests.swift; sourceTree = "<group>"; };
		995306FA25CB0CA5006AE71F /* Info.plist */ = {isa = PBXFileReference; lastKnownFileType = text.plist.xml; path = Info.plist; sourceTree = "<group>"; };
		9953070425CB0CD1006AE71F /* Game.swift */ = {isa = PBXFileReference; lastKnownFileType = sourcecode.swift; path = Game.swift; sourceTree = "<group>"; };
		9953070A25CB0D5A006AE71F /* PrimeCalculator.swift */ = {isa = PBXFileReference; lastKnownFileType = sourcecode.swift; path = PrimeCalculator.swift; sourceTree = "<group>"; };
		9953071025CB0DA2006AE71F /* User.swift */ = {isa = PBXFileReference; lastKnownFileType = sourcecode.swift; path = User.swift; sourceTree = "<group>"; };
		9953071E25CB1085006AE71F /* ThrowingTests.swift */ = {isa = PBXFileReference; lastKnownFileType = sourcecode.swift; path = ThrowingTests.swift; sourceTree = "<group>"; };
		9953073025CB2E4B006AE71F /* Player.swift */ = {isa = PBXFileReference; lastKnownFileType = sourcecode.swift; path = Player.swift; sourceTree = "<group>"; };
		9953073725CB2E90006AE71F /* AssertArrayTest.swift */ = {isa = PBXFileReference; lastKnownFileType = sourcecode.swift; path = AssertArrayTest.swift; sourceTree = "<group>"; };
		99531CE325CB4F0E0054AA05 /* CustomAssertions.swift */ = {isa = PBXFileReference; lastKnownFileType = sourcecode.swift; path = CustomAssertions.swift; sourceTree = "<group>"; };
		99531CF625CB59A30054AA05 /* PerformanceTesting.swift */ = {isa = PBXFileReference; lastKnownFileType = sourcecode.swift; path = PerformanceTesting.swift; sourceTree = "<group>"; };
		9953F65625CC5B2F00650505 /* House.swift */ = {isa = PBXFileReference; lastKnownFileType = sourcecode.swift; path = House.swift; sourceTree = "<group>"; };
		9953F65D25CC5C5800650505 /* CodeCoverage.swift */ = {isa = PBXFileReference; lastKnownFileType = sourcecode.swift; path = CodeCoverage.swift; sourceTree = "<group>"; };
		9959C45B25D193A4006507BE /* AnimalTableView.swift */ = {isa = PBXFileReference; lastKnownFileType = sourcecode.swift; path = AnimalTableView.swift; sourceTree = "<group>"; };
		9959C46C25D19943006507BE /* TestDouble.swift */ = {isa = PBXFileReference; lastKnownFileType = sourcecode.swift; path = TestDouble.swift; sourceTree = "<group>"; };
		9959C48025D19F5B006507BE /* PurchaseImplementations.swift */ = {isa = PBXFileReference; lastKnownFileType = sourcecode.swift; path = PurchaseImplementations.swift; sourceTree = "<group>"; };
		9959C48A25D1A108006507BE /* PurchaseProtocol.swift */ = {isa = PBXFileReference; lastKnownFileType = sourcecode.swift; path = PurchaseProtocol.swift; sourceTree = "<group>"; };
		997CF49925D6D251004B377A /* DependencyStruct.swift */ = {isa = PBXFileReference; lastKnownFileType = sourcecode.swift; path = DependencyStruct.swift; sourceTree = "<group>"; };
		997CF4A425D6DD45004B377A /* Mocking.swift */ = {isa = PBXFileReference; lastKnownFileType = sourcecode.swift; path = Mocking.swift; sourceTree = "<group>"; };
		997CF4AF25D6DE4A004B377A /* MockTests.swift */ = {isa = PBXFileReference; lastKnownFileType = sourcecode.swift; path = MockTests.swift; sourceTree = "<group>"; };
		997CF4C125D6F22A004B377A /* PartialMock.swift */ = {isa = PBXFileReference; lastKnownFileType = sourcecode.swift; path = PartialMock.swift; sourceTree = "<group>"; };
		997CF4C725D6F48F004B377A /* PartialMock.swift */ = {isa = PBXFileReference; lastKnownFileType = sourcecode.swift; path = PartialMock.swift; sourceTree = "<group>"; };
		99F6FC1D25D2E48A00DBD252 /* Tweet.swift */ = {isa = PBXFileReference; lastKnownFileType = sourcecode.swift; path = Tweet.swift; sourceTree = "<group>"; };
		99F6FC2725D2EB7600DBD252 /* MegaController.swift */ = {isa = PBXFileReference; lastKnownFileType = sourcecode.swift; path = MegaController.swift; sourceTree = "<group>"; };
		99F6FC2D25D2F51700DBD252 /* TweetTests.swift */ = {isa = PBXFileReference; lastKnownFileType = sourcecode.swift; path = TweetTests.swift; sourceTree = "<group>"; };
/* End PBXFileReference section */

/* Begin PBXFrameworksBuildPhase section */
		995306A625CB004F006AE71F /* Frameworks */ = {
			isa = PBXFrameworksBuildPhase;
			buildActionMask = 2147483647;
			files = (
			);
			runOnlyForDeploymentPostprocessing = 0;
		};
		995306B725CB0050006AE71F /* Frameworks */ = {
			isa = PBXFrameworksBuildPhase;
			buildActionMask = 2147483647;
			files = (
			);
			runOnlyForDeploymentPostprocessing = 0;
		};
		995306C225CB0050006AE71F /* Frameworks */ = {
			isa = PBXFrameworksBuildPhase;
			buildActionMask = 2147483647;
			files = (
			);
			runOnlyForDeploymentPostprocessing = 0;
		};
		995306F325CB0CA4006AE71F /* Frameworks */ = {
			isa = PBXFrameworksBuildPhase;
			buildActionMask = 2147483647;
			files = (
			);
			runOnlyForDeploymentPostprocessing = 0;
		};
/* End PBXFrameworksBuildPhase section */

/* Begin PBXGroup section */
		9912432925D04F52009ECB70 /* MutationTesting */ = {
			isa = PBXGroup;
			children = (
				9912432A25D04F76009ECB70 /* MutationTesting.swift */,
			);
			path = MutationTesting;
			sourceTree = "<group>";
		};
		992BB80825D436FF007AD375 /* ClosureInjection */ = {
			isa = PBXGroup;
			children = (
				992BB80925D43725007AD375 /* InjectionClosures.swift */,
				992BB82625D451C9007AD375 /* URLOpener.swift */,
			);
			path = ClosureInjection;
			sourceTree = "<group>";
		};
		992BB81325D4403B007AD375 /* DependencyTests */ = {
			isa = PBXGroup;
			children = (
				992BB81425D4405A007AD375 /* DependencyInjectionTests.swift */,
			);
			path = DependencyTests;
			sourceTree = "<group>";
		};
		995306A025CB004F006AE71F = {
			isa = PBXGroup;
			children = (
				995306AB25CB004F006AE71F /* TestingSwift */,
				995306BD25CB0050006AE71F /* TestingSwiftTests */,
				995306C825CB0050006AE71F /* TestingSwiftUITests */,
				995306F725CB0CA4006AE71F /* AsynchronousTests */,
				995306AA25CB004F006AE71F /* Products */,
			);
			sourceTree = "<group>";
		};
		995306AA25CB004F006AE71F /* Products */ = {
			isa = PBXGroup;
			children = (
				995306A925CB004F006AE71F /* TestingSwift.app */,
				995306BA25CB0050006AE71F /* TestingSwiftTests.xctest */,
				995306C525CB0050006AE71F /* TestingSwiftUITests.xctest */,
				995306F625CB0CA4006AE71F /* AsynchronousTests.xctest */,
			);
			name = Products;
			sourceTree = "<group>";
		};
		995306AB25CB004F006AE71F /* TestingSwift */ = {
			isa = PBXGroup;
			children = (
				997CF4A325D6DD1B004B377A /* Mock */,
				9959C47E25D19EF6006507BE /* DependencyInjection */,
				9959C45A25D19392006507BE /* Stub */,
				995306DA25CB07F0006AE71F /* Model */,
				995306AC25CB004F006AE71F /* TestingSwiftApp.swift */,
				995306AE25CB004F006AE71F /* ContentView.swift */,
				995306B025CB0050006AE71F /* Assets.xcassets */,
				995306B525CB0050006AE71F /* Info.plist */,
				995306B225CB0050006AE71F /* Preview Content */,
			);
			path = TestingSwift;
			sourceTree = "<group>";
		};
		995306B225CB0050006AE71F /* Preview Content */ = {
			isa = PBXGroup;
			children = (
				995306B325CB0050006AE71F /* Preview Assets.xcassets */,
			);
			path = "Preview Content";
			sourceTree = "<group>";
		};
		995306BD25CB0050006AE71F /* TestingSwiftTests */ = {
			isa = PBXGroup;
			children = (
				997CF4AE25D6DE24004B377A /* MockTesting */,
				992BB81325D4403B007AD375 /* DependencyTests */,
				9959C46125D19908006507BE /* TestDouble */,
				9912432925D04F52009ECB70 /* MutationTesting */,
				9953F65C25CC5C3E00650505 /* CodeCoverage */,
				99531CF525CB59880054AA05 /* PerformanceTesting */,
				99531CE225CB4EE90054AA05 /* CustomAssertions */,
				9953073625CB2E67006AE71F /* AssertArrayTests */,
				9953071D25CB1067006AE71F /* ThrowingTests */,
				995306E325CB0875006AE71F /* ConverterTests */,
				995306BE25CB0050006AE71F /* TestingSwiftTests.swift */,
				995306C025CB0050006AE71F /* Info.plist */,
			);
			path = TestingSwiftTests;
			sourceTree = "<group>";
		};
		995306C825CB0050006AE71F /* TestingSwiftUITests */ = {
			isa = PBXGroup;
			children = (
				995306C925CB0050006AE71F /* TestingSwiftUITests.swift */,
				995306CB25CB0050006AE71F /* Info.plist */,
			);
			path = TestingSwiftUITests;
			sourceTree = "<group>";
		};
		995306DA25CB07F0006AE71F /* Model */ = {
			isa = PBXGroup;
			children = (
				995306DB25CB080D006AE71F /* Converter.swift */,
				9953070425CB0CD1006AE71F /* Game.swift */,
				9953070A25CB0D5A006AE71F /* PrimeCalculator.swift */,
				9953071025CB0DA2006AE71F /* User.swift */,
				9953073025CB2E4B006AE71F /* Player.swift */,
				9953F65625CC5B2F00650505 /* House.swift */,
				9912432325D04ED2009ECB70 /* Cake.swift */,
			);
			path = Model;
			sourceTree = "<group>";
		};
		995306E325CB0875006AE71F /* ConverterTests */ = {
			isa = PBXGroup;
			children = (
				995306E425CB08A4006AE71F /* ConverterTests.swift */,
			);
			path = ConverterTests;
			sourceTree = "<group>";
		};
		995306F725CB0CA4006AE71F /* AsynchronousTests */ = {
			isa = PBXGroup;
			children = (
				995306F825CB0CA5006AE71F /* AsynchronousTests.swift */,
				995306FA25CB0CA5006AE71F /* Info.plist */,
			);
			path = AsynchronousTests;
			sourceTree = "<group>";
		};
		9953071D25CB1067006AE71F /* ThrowingTests */ = {
			isa = PBXGroup;
			children = (
				9953071E25CB1085006AE71F /* ThrowingTests.swift */,
			);
			path = ThrowingTests;
			sourceTree = "<group>";
		};
		9953073625CB2E67006AE71F /* AssertArrayTests */ = {
			isa = PBXGroup;
			children = (
				9953073725CB2E90006AE71F /* AssertArrayTest.swift */,
			);
			path = AssertArrayTests;
			sourceTree = "<group>";
		};
		99531CE225CB4EE90054AA05 /* CustomAssertions */ = {
			isa = PBXGroup;
			children = (
				99531CE325CB4F0E0054AA05 /* CustomAssertions.swift */,
			);
			path = CustomAssertions;
			sourceTree = "<group>";
		};
		99531CF525CB59880054AA05 /* PerformanceTesting */ = {
			isa = PBXGroup;
			children = (
				99531CF625CB59A30054AA05 /* PerformanceTesting.swift */,
			);
			path = PerformanceTesting;
			sourceTree = "<group>";
		};
		9953F65C25CC5C3E00650505 /* CodeCoverage */ = {
			isa = PBXGroup;
			children = (
				9953F65D25CC5C5800650505 /* CodeCoverage.swift */,
			);
			path = CodeCoverage;
			sourceTree = "<group>";
		};
		9959C45A25D19392006507BE /* Stub */ = {
			isa = PBXGroup;
			children = (
				9959C45B25D193A4006507BE /* AnimalTableView.swift */,
			);
			path = Stub;
			sourceTree = "<group>";
		};
		9959C46125D19908006507BE /* TestDouble */ = {
			isa = PBXGroup;
			children = (
				9959C46C25D19943006507BE /* TestDouble.swift */,
				99F6FC2D25D2F51700DBD252 /* TweetTests.swift */,
			);
			path = TestDouble;
			sourceTree = "<group>";
		};
		9959C47E25D19EF6006507BE /* DependencyInjection */ = {
			isa = PBXGroup;
			children = (
				997CF49825D6D235004B377A /* DependencyStruct */,
				992BB80825D436FF007AD375 /* ClosureInjection */,
				99F6FC1C25D2E47200DBD252 /* ConstructorInjection */,
				9959C47F25D19F06006507BE /* Interfaces */,
			);
			path = DependencyInjection;
			sourceTree = "<group>";
		};
		9959C47F25D19F06006507BE /* Interfaces */ = {
			isa = PBXGroup;
			children = (
				9959C48025D19F5B006507BE /* PurchaseImplementations.swift */,
				9959C48A25D1A108006507BE /* PurchaseProtocol.swift */,
			);
			path = Interfaces;
			sourceTree = "<group>";
		};
		997CF49825D6D235004B377A /* DependencyStruct */ = {
			isa = PBXGroup;
			children = (
				997CF49925D6D251004B377A /* DependencyStruct.swift */,
			);
			path = DependencyStruct;
			sourceTree = "<group>";
		};
		997CF4A325D6DD1B004B377A /* Mock */ = {
			isa = PBXGroup;
			children = (
				997CF4A425D6DD45004B377A /* Mocking.swift */,
				997CF4C125D6F22A004B377A /* PartialMock.swift */,
			);
			path = Mock;
			sourceTree = "<group>";
		};
		997CF4AE25D6DE24004B377A /* MockTesting */ = {
			isa = PBXGroup;
			children = (
				997CF4AF25D6DE4A004B377A /* MockTests.swift */,
				997CF4C725D6F48F004B377A /* PartialMock.swift */,
			);
			path = MockTesting;
			sourceTree = "<group>";
		};
		99F6FC1C25D2E47200DBD252 /* ConstructorInjection */ = {
			isa = PBXGroup;
			children = (
				99F6FC1D25D2E48A00DBD252 /* Tweet.swift */,
				99F6FC2725D2EB7600DBD252 /* MegaController.swift */,
			);
			path = ConstructorInjection;
			sourceTree = "<group>";
		};
/* End PBXGroup section */

/* Begin PBXNativeTarget section */
		995306A825CB004F006AE71F /* TestingSwift */ = {
			isa = PBXNativeTarget;
			buildConfigurationList = 995306CE25CB0050006AE71F /* Build configuration list for PBXNativeTarget "TestingSwift" */;
			buildPhases = (
				995306A525CB004F006AE71F /* Sources */,
				995306A625CB004F006AE71F /* Frameworks */,
				995306A725CB004F006AE71F /* Resources */,
			);
			buildRules = (
			);
			dependencies = (
			);
			name = TestingSwift;
			productName = TestingSwift;
			productReference = 995306A925CB004F006AE71F /* TestingSwift.app */;
			productType = "com.apple.product-type.application";
		};
		995306B925CB0050006AE71F /* TestingSwiftTests */ = {
			isa = PBXNativeTarget;
			buildConfigurationList = 995306D125CB0050006AE71F /* Build configuration list for PBXNativeTarget "TestingSwiftTests" */;
			buildPhases = (
				995306B625CB0050006AE71F /* Sources */,
				995306B725CB0050006AE71F /* Frameworks */,
				995306B825CB0050006AE71F /* Resources */,
			);
			buildRules = (
			);
			dependencies = (
				995306BC25CB0050006AE71F /* PBXTargetDependency */,
			);
			name = TestingSwiftTests;
			productName = TestingSwiftTests;
			productReference = 995306BA25CB0050006AE71F /* TestingSwiftTests.xctest */;
			productType = "com.apple.product-type.bundle.unit-test";
		};
		995306C425CB0050006AE71F /* TestingSwiftUITests */ = {
			isa = PBXNativeTarget;
			buildConfigurationList = 995306D425CB0050006AE71F /* Build configuration list for PBXNativeTarget "TestingSwiftUITests" */;
			buildPhases = (
				995306C125CB0050006AE71F /* Sources */,
				995306C225CB0050006AE71F /* Frameworks */,
				995306C325CB0050006AE71F /* Resources */,
			);
			buildRules = (
			);
			dependencies = (
				995306C725CB0050006AE71F /* PBXTargetDependency */,
			);
			name = TestingSwiftUITests;
			productName = TestingSwiftUITests;
			productReference = 995306C525CB0050006AE71F /* TestingSwiftUITests.xctest */;
			productType = "com.apple.product-type.bundle.ui-testing";
		};
		995306F525CB0CA4006AE71F /* AsynchronousTests */ = {
			isa = PBXNativeTarget;
			buildConfigurationList = 995306FF25CB0CA5006AE71F /* Build configuration list for PBXNativeTarget "AsynchronousTests" */;
			buildPhases = (
				995306F225CB0CA4006AE71F /* Sources */,
				995306F325CB0CA4006AE71F /* Frameworks */,
				995306F425CB0CA4006AE71F /* Resources */,
			);
			buildRules = (
			);
			dependencies = (
				995306FC25CB0CA5006AE71F /* PBXTargetDependency */,
			);
			name = AsynchronousTests;
			productName = AsynchronousTests;
			productReference = 995306F625CB0CA4006AE71F /* AsynchronousTests.xctest */;
			productType = "com.apple.product-type.bundle.unit-test";
		};
/* End PBXNativeTarget section */

/* Begin PBXProject section */
		995306A125CB004F006AE71F /* Project object */ = {
			isa = PBXProject;
			attributes = {
				LastSwiftUpdateCheck = 1200;
				LastUpgradeCheck = 1200;
				TargetAttributes = {
					995306A825CB004F006AE71F = {
						CreatedOnToolsVersion = 12.0;
					};
					995306B925CB0050006AE71F = {
						CreatedOnToolsVersion = 12.0;
						TestTargetID = 995306A825CB004F006AE71F;
					};
					995306C425CB0050006AE71F = {
						CreatedOnToolsVersion = 12.0;
						TestTargetID = 995306A825CB004F006AE71F;
					};
					995306F525CB0CA4006AE71F = {
						CreatedOnToolsVersion = 12.0;
						TestTargetID = 995306A825CB004F006AE71F;
					};
				};
			};
			buildConfigurationList = 995306A425CB004F006AE71F /* Build configuration list for PBXProject "TestingSwift" */;
			compatibilityVersion = "Xcode 9.3";
			developmentRegion = en;
			hasScannedForEncodings = 0;
			knownRegions = (
				en,
				Base,
			);
			mainGroup = 995306A025CB004F006AE71F;
			productRefGroup = 995306AA25CB004F006AE71F /* Products */;
			projectDirPath = "";
			projectRoot = "";
			targets = (
				995306A825CB004F006AE71F /* TestingSwift */,
				995306B925CB0050006AE71F /* TestingSwiftTests */,
				995306C425CB0050006AE71F /* TestingSwiftUITests */,
				995306F525CB0CA4006AE71F /* AsynchronousTests */,
			);
		};
/* End PBXProject section */

/* Begin PBXResourcesBuildPhase section */
		995306A725CB004F006AE71F /* Resources */ = {
			isa = PBXResourcesBuildPhase;
			buildActionMask = 2147483647;
			files = (
				995306B425CB0050006AE71F /* Preview Assets.xcassets in Resources */,
				995306B125CB0050006AE71F /* Assets.xcassets in Resources */,
			);
			runOnlyForDeploymentPostprocessing = 0;
		};
		995306B825CB0050006AE71F /* Resources */ = {
			isa = PBXResourcesBuildPhase;
			buildActionMask = 2147483647;
			files = (
			);
			runOnlyForDeploymentPostprocessing = 0;
		};
		995306C325CB0050006AE71F /* Resources */ = {
			isa = PBXResourcesBuildPhase;
			buildActionMask = 2147483647;
			files = (
			);
			runOnlyForDeploymentPostprocessing = 0;
		};
		995306F425CB0CA4006AE71F /* Resources */ = {
			isa = PBXResourcesBuildPhase;
			buildActionMask = 2147483647;
			files = (
			);
			runOnlyForDeploymentPostprocessing = 0;
		};
/* End PBXResourcesBuildPhase section */

/* Begin PBXSourcesBuildPhase section */
		995306A525CB004F006AE71F /* Sources */ = {
			isa = PBXSourcesBuildPhase;
			buildActionMask = 2147483647;
			files = (
				995306AF25CB004F006AE71F /* ContentView.swift in Sources */,
				9912432425D04ED2009ECB70 /* Cake.swift in Sources */,
				9959C48125D19F5B006507BE /* PurchaseImplementations.swift in Sources */,
				9959C45C25D193A4006507BE /* AnimalTableView.swift in Sources */,
				997CF4A525D6DD45004B377A /* Mocking.swift in Sources */,
				992BB80A25D43725007AD375 /* InjectionClosures.swift in Sources */,
				995306DC25CB080D006AE71F /* Converter.swift in Sources */,
				992BB82725D451C9007AD375 /* URLOpener.swift in Sources */,
				99F6FC1E25D2E48A00DBD252 /* Tweet.swift in Sources */,
				9953F65725CC5B2F00650505 /* House.swift in Sources */,
				99F6FC2825D2EB7600DBD252 /* MegaController.swift in Sources */,
				9953071125CB0DA2006AE71F /* User.swift in Sources */,
				9953070B25CB0D5A006AE71F /* PrimeCalculator.swift in Sources */,
				9953073125CB2E4B006AE71F /* Player.swift in Sources */,
				995306AD25CB004F006AE71F /* TestingSwiftApp.swift in Sources */,
				9959C48B25D1A108006507BE /* PurchaseProtocol.swift in Sources */,
				9953070525CB0CD1006AE71F /* Game.swift in Sources */,
				997CF49A25D6D251004B377A /* DependencyStruct.swift in Sources */,
				997CF4C225D6F22A004B377A /* PartialMock.swift in Sources */,
			);
			runOnlyForDeploymentPostprocessing = 0;
		};
		995306B625CB0050006AE71F /* Sources */ = {
			isa = PBXSourcesBuildPhase;
			buildActionMask = 2147483647;
			files = (
				9959C46D25D19943006507BE /* TestDouble.swift in Sources */,
				995306E525CB08A4006AE71F /* ConverterTests.swift in Sources */,
				9953073825CB2E90006AE71F /* AssertArrayTest.swift in Sources */,
				995306BF25CB0050006AE71F /* TestingSwiftTests.swift in Sources */,
				99531CF725CB59A30054AA05 /* PerformanceTesting.swift in Sources */,
				99F6FC2E25D2F51700DBD252 /* TweetTests.swift in Sources */,
				99531CE425CB4F0E0054AA05 /* CustomAssertions.swift in Sources */,
				9953F65E25CC5C5800650505 /* CodeCoverage.swift in Sources */,
				9953071F25CB1085006AE71F /* ThrowingTests.swift in Sources */,
				9912432B25D04F76009ECB70 /* MutationTesting.swift in Sources */,
				992BB81525D4405A007AD375 /* DependencyInjectionTests.swift in Sources */,
				997CF4C825D6F48F004B377A /* PartialMock.swift in Sources */,
				997CF4B025D6DE4A004B377A /* MockTests.swift in Sources */,
			);
			runOnlyForDeploymentPostprocessing = 0;
		};
		995306C125CB0050006AE71F /* Sources */ = {
			isa = PBXSourcesBuildPhase;
			buildActionMask = 2147483647;
			files = (
				995306CA25CB0050006AE71F /* TestingSwiftUITests.swift in Sources */,
			);
			runOnlyForDeploymentPostprocessing = 0;
		};
		995306F225CB0CA4006AE71F /* Sources */ = {
			isa = PBXSourcesBuildPhase;
			buildActionMask = 2147483647;
			files = (
				995306F925CB0CA5006AE71F /* AsynchronousTests.swift in Sources */,
			);
			runOnlyForDeploymentPostprocessing = 0;
		};
/* End PBXSourcesBuildPhase section */

/* Begin PBXTargetDependency section */
		995306BC25CB0050006AE71F /* PBXTargetDependency */ = {
			isa = PBXTargetDependency;
			target = 995306A825CB004F006AE71F /* TestingSwift */;
			targetProxy = 995306BB25CB0050006AE71F /* PBXContainerItemProxy */;
		};
		995306C725CB0050006AE71F /* PBXTargetDependency */ = {
			isa = PBXTargetDependency;
			target = 995306A825CB004F006AE71F /* TestingSwift */;
			targetProxy = 995306C625CB0050006AE71F /* PBXContainerItemProxy */;
		};
		995306FC25CB0CA5006AE71F /* PBXTargetDependency */ = {
			isa = PBXTargetDependency;
			target = 995306A825CB004F006AE71F /* TestingSwift */;
			targetProxy = 995306FB25CB0CA5006AE71F /* PBXContainerItemProxy */;
		};
/* End PBXTargetDependency section */

/* Begin XCBuildConfiguration section */
		995306CC25CB0050006AE71F /* Debug */ = {
			isa = XCBuildConfiguration;
			buildSettings = {
				ALWAYS_SEARCH_USER_PATHS = NO;
				CLANG_ANALYZER_NONNULL = YES;
				CLANG_ANALYZER_NUMBER_OBJECT_CONVERSION = YES_AGGRESSIVE;
				CLANG_CXX_LANGUAGE_STANDARD = "gnu++14";
				CLANG_CXX_LIBRARY = "libc++";
				CLANG_ENABLE_MODULES = YES;
				CLANG_ENABLE_OBJC_ARC = YES;
				CLANG_ENABLE_OBJC_WEAK = YES;
				CLANG_WARN_BLOCK_CAPTURE_AUTORELEASING = YES;
				CLANG_WARN_BOOL_CONVERSION = YES;
				CLANG_WARN_COMMA = YES;
				CLANG_WARN_CONSTANT_CONVERSION = YES;
				CLANG_WARN_DEPRECATED_OBJC_IMPLEMENTATIONS = YES;
				CLANG_WARN_DIRECT_OBJC_ISA_USAGE = YES_ERROR;
				CLANG_WARN_DOCUMENTATION_COMMENTS = YES;
				CLANG_WARN_EMPTY_BODY = YES;
				CLANG_WARN_ENUM_CONVERSION = YES;
				CLANG_WARN_INFINITE_RECURSION = YES;
				CLANG_WARN_INT_CONVERSION = YES;
				CLANG_WARN_NON_LITERAL_NULL_CONVERSION = YES;
				CLANG_WARN_OBJC_IMPLICIT_RETAIN_SELF = YES;
				CLANG_WARN_OBJC_LITERAL_CONVERSION = YES;
				CLANG_WARN_OBJC_ROOT_CLASS = YES_ERROR;
				CLANG_WARN_QUOTED_INCLUDE_IN_FRAMEWORK_HEADER = YES;
				CLANG_WARN_RANGE_LOOP_ANALYSIS = YES;
				CLANG_WARN_STRICT_PROTOTYPES = YES;
				CLANG_WARN_SUSPICIOUS_MOVE = YES;
				CLANG_WARN_UNGUARDED_AVAILABILITY = YES_AGGRESSIVE;
				CLANG_WARN_UNREACHABLE_CODE = YES;
				CLANG_WARN__DUPLICATE_METHOD_MATCH = YES;
				COPY_PHASE_STRIP = NO;
				DEBUG_INFORMATION_FORMAT = dwarf;
				ENABLE_STRICT_OBJC_MSGSEND = YES;
				ENABLE_TESTABILITY = YES;
				GCC_C_LANGUAGE_STANDARD = gnu11;
				GCC_DYNAMIC_NO_PIC = NO;
				GCC_NO_COMMON_BLOCKS = YES;
				GCC_OPTIMIZATION_LEVEL = 0;
				GCC_PREPROCESSOR_DEFINITIONS = (
					"DEBUG=1",
					"$(inherited)",
				);
				GCC_WARN_64_TO_32_BIT_CONVERSION = YES;
				GCC_WARN_ABOUT_RETURN_TYPE = YES_ERROR;
				GCC_WARN_UNDECLARED_SELECTOR = YES;
				GCC_WARN_UNINITIALIZED_AUTOS = YES_AGGRESSIVE;
				GCC_WARN_UNUSED_FUNCTION = YES;
				GCC_WARN_UNUSED_VARIABLE = YES;
				IPHONEOS_DEPLOYMENT_TARGET = 14.0;
				MTL_ENABLE_DEBUG_INFO = INCLUDE_SOURCE;
				MTL_FAST_MATH = YES;
				ONLY_ACTIVE_ARCH = YES;
				SDKROOT = iphoneos;
				SWIFT_ACTIVE_COMPILATION_CONDITIONS = DEBUG;
				SWIFT_OPTIMIZATION_LEVEL = "-Onone";
			};
			name = Debug;
		};
		995306CD25CB0050006AE71F /* Release */ = {
			isa = XCBuildConfiguration;
			buildSettings = {
				ALWAYS_SEARCH_USER_PATHS = NO;
				CLANG_ANALYZER_NONNULL = YES;
				CLANG_ANALYZER_NUMBER_OBJECT_CONVERSION = YES_AGGRESSIVE;
				CLANG_CXX_LANGUAGE_STANDARD = "gnu++14";
				CLANG_CXX_LIBRARY = "libc++";
				CLANG_ENABLE_MODULES = YES;
				CLANG_ENABLE_OBJC_ARC = YES;
				CLANG_ENABLE_OBJC_WEAK = YES;
				CLANG_WARN_BLOCK_CAPTURE_AUTORELEASING = YES;
				CLANG_WARN_BOOL_CONVERSION = YES;
				CLANG_WARN_COMMA = YES;
				CLANG_WARN_CONSTANT_CONVERSION = YES;
				CLANG_WARN_DEPRECATED_OBJC_IMPLEMENTATIONS = YES;
				CLANG_WARN_DIRECT_OBJC_ISA_USAGE = YES_ERROR;
				CLANG_WARN_DOCUMENTATION_COMMENTS = YES;
				CLANG_WARN_EMPTY_BODY = YES;
				CLANG_WARN_ENUM_CONVERSION = YES;
				CLANG_WARN_INFINITE_RECURSION = YES;
				CLANG_WARN_INT_CONVERSION = YES;
				CLANG_WARN_NON_LITERAL_NULL_CONVERSION = YES;
				CLANG_WARN_OBJC_IMPLICIT_RETAIN_SELF = YES;
				CLANG_WARN_OBJC_LITERAL_CONVERSION = YES;
				CLANG_WARN_OBJC_ROOT_CLASS = YES_ERROR;
				CLANG_WARN_QUOTED_INCLUDE_IN_FRAMEWORK_HEADER = YES;
				CLANG_WARN_RANGE_LOOP_ANALYSIS = YES;
				CLANG_WARN_STRICT_PROTOTYPES = YES;
				CLANG_WARN_SUSPICIOUS_MOVE = YES;
				CLANG_WARN_UNGUARDED_AVAILABILITY = YES_AGGRESSIVE;
				CLANG_WARN_UNREACHABLE_CODE = YES;
				CLANG_WARN__DUPLICATE_METHOD_MATCH = YES;
				COPY_PHASE_STRIP = NO;
				DEBUG_INFORMATION_FORMAT = "dwarf-with-dsym";
				ENABLE_NS_ASSERTIONS = NO;
				ENABLE_STRICT_OBJC_MSGSEND = YES;
				GCC_C_LANGUAGE_STANDARD = gnu11;
				GCC_NO_COMMON_BLOCKS = YES;
				GCC_WARN_64_TO_32_BIT_CONVERSION = YES;
				GCC_WARN_ABOUT_RETURN_TYPE = YES_ERROR;
				GCC_WARN_UNDECLARED_SELECTOR = YES;
				GCC_WARN_UNINITIALIZED_AUTOS = YES_AGGRESSIVE;
				GCC_WARN_UNUSED_FUNCTION = YES;
				GCC_WARN_UNUSED_VARIABLE = YES;
				IPHONEOS_DEPLOYMENT_TARGET = 14.0;
				MTL_ENABLE_DEBUG_INFO = NO;
				MTL_FAST_MATH = YES;
				SDKROOT = iphoneos;
				SWIFT_COMPILATION_MODE = wholemodule;
				SWIFT_OPTIMIZATION_LEVEL = "-O";
				VALIDATE_PRODUCT = YES;
			};
			name = Release;
		};
		995306CF25CB0050006AE71F /* Debug */ = {
			isa = XCBuildConfiguration;
			buildSettings = {
				ASSETCATALOG_COMPILER_APPICON_NAME = AppIcon;
				ASSETCATALOG_COMPILER_GLOBAL_ACCENT_COLOR_NAME = AccentColor;
				CODE_SIGN_STYLE = Automatic;
				DEVELOPMENT_ASSET_PATHS = "\"TestingSwift/Preview Content\"";
				ENABLE_PREVIEWS = YES;
				INFOPLIST_FILE = TestingSwift/Info.plist;
				IPHONEOS_DEPLOYMENT_TARGET = 14.0;
				LD_RUNPATH_SEARCH_PATHS = (
					"$(inherited)",
					"@executable_path/Frameworks",
				);
				PRODUCT_BUNDLE_IDENTIFIER = com.DanielSpady.TestingSwift;
				PRODUCT_NAME = "$(TARGET_NAME)";
				SWIFT_VERSION = 5.0;
				TARGETED_DEVICE_FAMILY = "1,2";
			};
			name = Debug;
		};
		995306D025CB0050006AE71F /* Release */ = {
			isa = XCBuildConfiguration;
			buildSettings = {
				ASSETCATALOG_COMPILER_APPICON_NAME = AppIcon;
				ASSETCATALOG_COMPILER_GLOBAL_ACCENT_COLOR_NAME = AccentColor;
				CODE_SIGN_STYLE = Automatic;
				DEVELOPMENT_ASSET_PATHS = "\"TestingSwift/Preview Content\"";
				ENABLE_PREVIEWS = YES;
				INFOPLIST_FILE = TestingSwift/Info.plist;
				IPHONEOS_DEPLOYMENT_TARGET = 14.0;
				LD_RUNPATH_SEARCH_PATHS = (
					"$(inherited)",
					"@executable_path/Frameworks",
				);
				PRODUCT_BUNDLE_IDENTIFIER = com.DanielSpady.TestingSwift;
				PRODUCT_NAME = "$(TARGET_NAME)";
				SWIFT_VERSION = 5.0;
				TARGETED_DEVICE_FAMILY = "1,2";
			};
			name = Release;
		};
		995306D225CB0050006AE71F /* Debug */ = {
			isa = XCBuildConfiguration;
			buildSettings = {
				ALWAYS_EMBED_SWIFT_STANDARD_LIBRARIES = YES;
				BUNDLE_LOADER = "$(TEST_HOST)";
				CODE_SIGN_STYLE = Automatic;
				INFOPLIST_FILE = TestingSwiftTests/Info.plist;
				IPHONEOS_DEPLOYMENT_TARGET = 14.0;
				LD_RUNPATH_SEARCH_PATHS = (
					"$(inherited)",
					"@executable_path/Frameworks",
					"@loader_path/Frameworks",
				);
				PRODUCT_BUNDLE_IDENTIFIER = com.DanielSpady.TestingSwiftTests;
				PRODUCT_NAME = "$(TARGET_NAME)";
				SWIFT_VERSION = 5.0;
				TARGETED_DEVICE_FAMILY = "1,2";
				TEST_HOST = "$(BUILT_PRODUCTS_DIR)/TestingSwift.app/TestingSwift";
			};
			name = Debug;
		};
		995306D325CB0050006AE71F /* Release */ = {
			isa = XCBuildConfiguration;
			buildSettings = {
				ALWAYS_EMBED_SWIFT_STANDARD_LIBRARIES = YES;
				BUNDLE_LOADER = "$(TEST_HOST)";
				CODE_SIGN_STYLE = Automatic;
				INFOPLIST_FILE = TestingSwiftTests/Info.plist;
				IPHONEOS_DEPLOYMENT_TARGET = 14.0;
				LD_RUNPATH_SEARCH_PATHS = (
					"$(inherited)",
					"@executable_path/Frameworks",
					"@loader_path/Frameworks",
				);
				PRODUCT_BUNDLE_IDENTIFIER = com.DanielSpady.TestingSwiftTests;
				PRODUCT_NAME = "$(TARGET_NAME)";
				SWIFT_VERSION = 5.0;
				TARGETED_DEVICE_FAMILY = "1,2";
				TEST_HOST = "$(BUILT_PRODUCTS_DIR)/TestingSwift.app/TestingSwift";
			};
			name = Release;
		};
		995306D525CB0050006AE71F /* Debug */ = {
			isa = XCBuildConfiguration;
			buildSettings = {
				ALWAYS_EMBED_SWIFT_STANDARD_LIBRARIES = YES;
				CODE_SIGN_STYLE = Automatic;
				INFOPLIST_FILE = TestingSwiftUITests/Info.plist;
				LD_RUNPATH_SEARCH_PATHS = (
					"$(inherited)",
					"@executable_path/Frameworks",
					"@loader_path/Frameworks",
				);
				PRODUCT_BUNDLE_IDENTIFIER = com.DanielSpady.TestingSwiftUITests;
				PRODUCT_NAME = "$(TARGET_NAME)";
				SWIFT_VERSION = 5.0;
				TARGETED_DEVICE_FAMILY = "1,2";
				TEST_TARGET_NAME = TestingSwift;
			};
			name = Debug;
		};
		995306D625CB0050006AE71F /* Release */ = {
			isa = XCBuildConfiguration;
			buildSettings = {
				ALWAYS_EMBED_SWIFT_STANDARD_LIBRARIES = YES;
				CODE_SIGN_STYLE = Automatic;
				INFOPLIST_FILE = TestingSwiftUITests/Info.plist;
				LD_RUNPATH_SEARCH_PATHS = (
					"$(inherited)",
					"@executable_path/Frameworks",
					"@loader_path/Frameworks",
				);
				PRODUCT_BUNDLE_IDENTIFIER = com.DanielSpady.TestingSwiftUITests;
				PRODUCT_NAME = "$(TARGET_NAME)";
				SWIFT_VERSION = 5.0;
				TARGETED_DEVICE_FAMILY = "1,2";
				TEST_TARGET_NAME = TestingSwift;
			};
			name = Release;
		};
		995306FD25CB0CA5006AE71F /* Debug */ = {
			isa = XCBuildConfiguration;
			buildSettings = {
				BUNDLE_LOADER = "$(TEST_HOST)";
				CODE_SIGN_STYLE = Automatic;
				INFOPLIST_FILE = AsynchronousTests/Info.plist;
				LD_RUNPATH_SEARCH_PATHS = (
					"$(inherited)",
					"@executable_path/Frameworks",
					"@loader_path/Frameworks",
				);
				PRODUCT_BUNDLE_IDENTIFIER = com.DanielSpady.AsynchronousTests;
				PRODUCT_NAME = "$(TARGET_NAME)";
				SWIFT_VERSION = 5.0;
				TARGETED_DEVICE_FAMILY = "1,2";
				TEST_HOST = "$(BUILT_PRODUCTS_DIR)/TestingSwift.app/TestingSwift";
			};
			name = Debug;
		};
		995306FE25CB0CA5006AE71F /* Release */ = {
			isa = XCBuildConfiguration;
			buildSettings = {
				BUNDLE_LOADER = "$(TEST_HOST)";
				CODE_SIGN_STYLE = Automatic;
				INFOPLIST_FILE = AsynchronousTests/Info.plist;
				LD_RUNPATH_SEARCH_PATHS = (
					"$(inherited)",
					"@executable_path/Frameworks",
					"@loader_path/Frameworks",
				);
				PRODUCT_BUNDLE_IDENTIFIER = com.DanielSpady.AsynchronousTests;
				PRODUCT_NAME = "$(TARGET_NAME)";
				SWIFT_VERSION = 5.0;
				TARGETED_DEVICE_FAMILY = "1,2";
				TEST_HOST = "$(BUILT_PRODUCTS_DIR)/TestingSwift.app/TestingSwift";
			};
			name = Release;
		};
/* End XCBuildConfiguration section */

/* Begin XCConfigurationList section */
		995306A425CB004F006AE71F /* Build configuration list for PBXProject "TestingSwift" */ = {
			isa = XCConfigurationList;
			buildConfigurations = (
				995306CC25CB0050006AE71F /* Debug */,
				995306CD25CB0050006AE71F /* Release */,
			);
			defaultConfigurationIsVisible = 0;
			defaultConfigurationName = Release;
		};
		995306CE25CB0050006AE71F /* Build configuration list for PBXNativeTarget "TestingSwift" */ = {
			isa = XCConfigurationList;
			buildConfigurations = (
				995306CF25CB0050006AE71F /* Debug */,
				995306D025CB0050006AE71F /* Release */,
			);
			defaultConfigurationIsVisible = 0;
			defaultConfigurationName = Release;
		};
		995306D125CB0050006AE71F /* Build configuration list for PBXNativeTarget "TestingSwiftTests" */ = {
			isa = XCConfigurationList;
			buildConfigurations = (
				995306D225CB0050006AE71F /* Debug */,
				995306D325CB0050006AE71F /* Release */,
			);
			defaultConfigurationIsVisible = 0;
			defaultConfigurationName = Release;
		};
		995306D425CB0050006AE71F /* Build configuration list for PBXNativeTarget "TestingSwiftUITests" */ = {
			isa = XCConfigurationList;
			buildConfigurations = (
				995306D525CB0050006AE71F /* Debug */,
				995306D625CB0050006AE71F /* Release */,
			);
			defaultConfigurationIsVisible = 0;
			defaultConfigurationName = Release;
		};
		995306FF25CB0CA5006AE71F /* Build configuration list for PBXNativeTarget "AsynchronousTests" */ = {
			isa = XCConfigurationList;
			buildConfigurations = (
				995306FD25CB0CA5006AE71F /* Debug */,
				995306FE25CB0CA5006AE71F /* Release */,
			);
			defaultConfigurationIsVisible = 0;
			defaultConfigurationName = Release;
		};
/* End XCConfigurationList section */
	};
	rootObject = 995306A125CB004F006AE71F /* Project object */;
}
